lockfileVersion: '9.0'

settings:
  autoInstallPeers: true
  excludeLinksFromLockfile: false

importers:

  .: {}

  packages/app:
    dependencies:
      '@demo/ui':
        specifier: workspace:*
        version: link:../ui

  packages/ui:
    dependencies:
      '@demo/utils':
        specifier: workspace:*
        version: link:../utils

  packages/utils: {}
